
Microsoft Visual Studio Solution File, Format Version 12.00
# Visual Studio Version 17
VisualStudioVersion = 17.2.32526.322
MinimumVisualStudioVersion = 10.0.40219.1
Project("{FAE04EC0-301F-11D3-BF4B-00C04F79EFBC}") = "DungeonCrawler", "DungeonCrawler.csproj", "{158DC54D-5AF0-454F-8E79-C143CC77F745}"
EndProject
Global
	GlobalSection(SolutionConfigurationPlatforms) = preSolution
		Debug|Any CPU = Debug|Any CPU
		Release|Any CPU = Release|Any CPU
	EndGlobalSection
	GlobalSection(ProjectConfigurationPlatforms) = postSolution
		{158DC54D-5AF0-454F-8E79-C143CC77F745}.Debug|Any CPU.ActiveCfg = Debug|Any CPU
		{158DC54D-5AF0-454F-8E79-C143CC77F745}.Debug|Any CPU.Build.0 = Debug|Any CPU
		{158DC54D-5AF0-454F-8E79-C143CC77F745}.Release|Any CPU.ActiveCfg = Release|Any CPU
		{158DC54D-5AF0-454F-8E79-C143CC77F745}.Release|Any CPU.Build.0 = Release|Any CPU
	EndGlobalSection
	GlobalSection(SolutionProperties) = preSolution
		HideSolutionNode = FALSE
	EndGlobalSection
	GlobalSection(ExtensibilityGlobals) = postSolution
		SolutionGuid = {7CC8A1CF-72DD-431E-BD01-BF8991E09651}
	EndGlobalSection
EndGlobal
